
Microsoft Visual Studio Solution File, Format Version 12.00
# Visual Studio 2013
VisualStudioVersion = 12.0.31101.0
MinimumVisualStudioVersion = 10.0.40219.1
Project("{FAE04EC0-301F-11D3-BF4B-00C04F79EFBC}") = "TiledMinkay", "TiledMinkay.csproj", "{421860D5-F21C-4252-ABAE-F491F27DA056}"
EndProject
Project("{FAE04EC0-301F-11D3-BF4B-00C04F79EFBC}") = "TiledMap", "..\TiledMap\TiledMap.csproj", "{8FBF717D-20E0-43FE-8C22-3FAE8A0F8BB6}"
EndProject
Global
	GlobalSection(SolutionConfigurationPlatforms) = preSolution
		Debug|Any CPU = Debug|Any CPU
		Release|Any CPU = Release|Any CPU
	EndGlobalSection
	GlobalSection(ProjectConfigurationPlatforms) = postSolution
		{421860D5-F21C-4252-ABAE-F491F27DA056}.Debug|Any CPU.ActiveCfg = Debug|Any CPU
		{421860D5-F21C-4252-ABAE-F491F27DA056}.Debug|Any CPU.Build.0 = Debug|Any CPU
		{421860D5-F21C-4252-ABAE-F491F27DA056}.Release|Any CPU.ActiveCfg = Release|Any CPU
		{421860D5-F21C-4252-ABAE-F491F27DA056}.Release|Any CPU.Build.0 = Release|Any CPU
		{8FBF717D-20E0-43FE-8C22-3FAE8A0F8BB6}.Debug|Any CPU.ActiveCfg = Debug|Any CPU
		{8FBF717D-20E0-43FE-8C22-3FAE8A0F8BB6}.Debug|Any CPU.Build.0 = Debug|Any CPU
		{8FBF717D-20E0-43FE-8C22-3FAE8A0F8BB6}.Release|Any CPU.ActiveCfg = Release|Any CPU
		{8FBF717D-20E0-43FE-8C22-3FAE8A0F8BB6}.Release|Any CPU.Build.0 = Release|Any CPU
	EndGlobalSection
	GlobalSection(SolutionProperties) = preSolution
		HideSolutionNode = FALSE
	EndGlobalSection
EndGlobal
